// !$*UTF8*$!
{
	archiveVersion = 1;
	classes = {
	};
	objectVersion = 46;
	objects = {

/* Begin PBXBuildFile section */
		2928A8CD1F127C9300189E9C /* AppleScriptObjC.framework in Frameworks */ = {isa = PBXBuildFile; fileRef = 2928A8CC1F127C9300189E9C /* AppleScriptObjC.framework */; };
		2928A8D11F127C9300189E9C /* main.m in Sources */ = {isa = PBXBuildFile; fileRef = 2928A8D01F127C9300189E9C /* main.m */; };
		2928A8D31F127C9300189E9C /* AppDelegate.applescript in Sources */ = {isa = PBXBuildFile; fileRef = 2928A8D21F127C9300189E9C /* AppDelegate.applescript */; };
		2928A8D51F127C9300189E9C /* Assets.xcassets in Resources */ = {isa = PBXBuildFile; fileRef = 2928A8D41F127C9300189E9C /* Assets.xcassets */; };
		2928A8D81F127C9300189E9C /* MainMenu.xib in Resources */ = {isa = PBXBuildFile; fileRef = 2928A8D61F127C9300189E9C /* MainMenu.xib */; };
		294767B71F1A11AF00772154 /* DevNotes in Resources */ = {isa = PBXBuildFile; fileRef = 294767B61F1A11AF00772154 /* DevNotes */; };
		294BDEBB1F14C98D0011E5A1 /* Achtergrond.png in Resources */ = {isa = PBXBuildFile; fileRef = 294BDEB11F14C98D0011E5A1 /* Achtergrond.png */; };
		294BDEBC1F14C98D0011E5A1 /* Rechthoek 1 kopiëren 3.png in Resources */ = {isa = PBXBuildFile; fileRef = 294BDEB21F14C98D0011E5A1 /* Rechthoek 1 kopiëren 3.png */; };
		294BDEBD1F14C98D0011E5A1 /* Rechthoek 1 kopiëren 4.png in Resources */ = {isa = PBXBuildFile; fileRef = 294BDEB31F14C98D0011E5A1 /* Rechthoek 1 kopiëren 4.png */; };
		294BDEBE1F14C98D0011E5A1 /* Rechthoek Nexus.png in Resources */ = {isa = PBXBuildFile; fileRef = 294BDEB41F14C98D0011E5A1 /* Rechthoek Nexus.png */; };
		294BDEBF1F14C98D0011E5A1 /* Rechthoek Piano.png in Resources */ = {isa = PBXBuildFile; fileRef = 294BDEB51F14C98D0011E5A1 /* Rechthoek Piano.png */; };
		294BDEC01F14C98D0011E5A1 /* Rechthoek Pleinvrees.png in Resources */ = {isa = PBXBuildFile; fileRef = 294BDEB61F14C98D0011E5A1 /* Rechthoek Pleinvrees.png */; };
		294BDEC21F14C98D0011E5A1 /* Rechthoek Sportify kopiëren 3.png in Resources */ = {isa = PBXBuildFile; fileRef = 294BDEB81F14C98D0011E5A1 /* Rechthoek Sportify kopiëren 3.png */; };
		294BDEC31F14C98D0011E5A1 /* Rechthoek Sportify onder lang.png in Resources */ = {isa = PBXBuildFile; fileRef = 294BDEB91F14C98D0011E5A1 /* Rechthoek Sportify onder lang.png */; };
		294BDEC41F14C98D0011E5A1 /* Rechthoek Sportify.png in Resources */ = {isa = PBXBuildFile; fileRef = 294BDEBA1F14C98D0011E5A1 /* Rechthoek Sportify.png */; };
		29F5C2031F152A69006E0996 /* 1024 x 1024 _UnityV02.png in Resources */ = {isa = PBXBuildFile; fileRef = 29F5C2021F152A69006E0996 /* 1024 x 1024 _UnityV02.png */; };
/* End PBXBuildFile section */

/* Begin PBXFileReference section */
		2928A8C91F127C9300189E9C /* Unity.app */ = {isa = PBXFileReference; explicitFileType = wrapper.application; includeInIndex = 0; path = Unity.app; sourceTree = BUILT_PRODUCTS_DIR; };
		2928A8CC1F127C9300189E9C /* AppleScriptObjC.framework */ = {isa = PBXFileReference; lastKnownFileType = wrapper.framework; name = AppleScriptObjC.framework; path = System/Library/Frameworks/AppleScriptObjC.framework; sourceTree = SDKROOT; };
		2928A8D01F127C9300189E9C /* main.m */ = {isa = PBXFileReference; lastKnownFileType = sourcecode.c.objc; path = main.m; sourceTree = "<group>"; };
		2928A8D21F127C9300189E9C /* AppDelegate.applescript */ = {isa = PBXFileReference; lastKnownFileType = sourcecode.applescript; path = AppDelegate.applescript; sourceTree = "<group>"; };
		2928A8D41F127C9300189E9C /* Assets.xcassets */ = {isa = PBXFileReference; lastKnownFileType = folder.assetcatalog; path = Assets.xcassets; sourceTree = "<group>"; };
		2928A8D71F127C9300189E9C /* Base */ = {isa = PBXFileReference; lastKnownFileType = file.xib; name = Base; path = Base.lproj/MainMenu.xib; sourceTree = "<group>"; };
		2928A8D91F127C9300189E9C /* Info.plist */ = {isa = PBXFileReference; lastKnownFileType = text.plist.xml; path = Info.plist; sourceTree = "<group>"; };
		294767B61F1A11AF00772154 /* DevNotes */ = {isa = PBXFileReference; fileEncoding = 4; lastKnownFileType = text; path = DevNotes; sourceTree = "<group>"; };
		294BDEB11F14C98D0011E5A1 /* Achtergrond.png */ = {isa = PBXFileReference; lastKnownFileType = image.png; path = Achtergrond.png; sourceTree = "<group>"; };
		294BDEB21F14C98D0011E5A1 /* Rechthoek 1 kopiëren 3.png */ = {isa = PBXFileReference; lastKnownFileType = image.png; path = "Rechthoek 1 kopiëren 3.png"; sourceTree = "<group>"; };
		294BDEB31F14C98D0011E5A1 /* Rechthoek 1 kopiëren 4.png */ = {isa = PBXFileReference; lastKnownFileType = image.png; path = "Rechthoek 1 kopiëren 4.png"; sourceTree = "<group>"; };
		294BDEB41F14C98D0011E5A1 /* Rechthoek Nexus.png */ = {isa = PBXFileReference; lastKnownFileType = image.png; path = "Rechthoek Nexus.png"; sourceTree = "<group>"; };
		294BDEB51F14C98D0011E5A1 /* Rechthoek Piano.png */ = {isa = PBXFileReference; lastKnownFileType = image.png; path = "Rechthoek Piano.png"; sourceTree = "<group>"; };
		294BDEB61F14C98D0011E5A1 /* Rechthoek Pleinvrees.png */ = {isa = PBXFileReference; lastKnownFileType = image.png; path = "Rechthoek Pleinvrees.png"; sourceTree = "<group>"; };
		294BDEB81F14C98D0011E5A1 /* Rechthoek Sportify kopiëren 3.png */ = {isa = PBXFileReference; lastKnownFileType = image.png; path = "Rechthoek Sportify kopiëren 3.png"; sourceTree = "<group>"; };
		294BDEB91F14C98D0011E5A1 /* Rechthoek Sportify onder lang.png */ = {isa = PBXFileReference; lastKnownFileType = image.png; path = "Rechthoek Sportify onder lang.png"; sourceTree = "<group>"; };
		294BDEBA1F14C98D0011E5A1 /* Rechthoek Sportify.png */ = {isa = PBXFileReference; lastKnownFileType = image.png; path = "Rechthoek Sportify.png"; sourceTree = "<group>"; };
		29F5C2021F152A69006E0996 /* 1024 x 1024 _UnityV02.png */ = {isa = PBXFileReference; lastKnownFileType = image.png; path = "1024 x 1024 _UnityV02.png"; sourceTree = "<group>"; };
/* End PBXFileReference section */

/* Begin PBXFrameworksBuildPhase section */
		2928A8C61F127C9300189E9C /* Frameworks */ = {
			isa = PBXFrameworksBuildPhase;
			buildActionMask = 2147483647;
			files = (
				2928A8CD1F127C9300189E9C /* AppleScriptObjC.framework in Frameworks */,
			);
			runOnlyForDeploymentPostprocessing = 0;
		};
/* End PBXFrameworksBuildPhase section */

/* Begin PBXGroup section */
		2928A8C01F127C9300189E9C = {
			isa = PBXGroup;
			children = (
				2928A8CE1F127C9300189E9C /* CAppleSrcObC */,
				2928A8CB1F127C9300189E9C /* Frameworks */,
				2928A8CA1F127C9300189E9C /* Products */,
			);
			sourceTree = "<group>";
		};
		2928A8CA1F127C9300189E9C /* Products */ = {
			isa = PBXGroup;
			children = (
				2928A8C91F127C9300189E9C /* Unity.app */,
			);
			name = Products;
			sourceTree = "<group>";
		};
		2928A8CB1F127C9300189E9C /* Frameworks */ = {
			isa = PBXGroup;
			children = (
				2928A8CC1F127C9300189E9C /* AppleScriptObjC.framework */,
			);
			name = Frameworks;
			sourceTree = "<group>";
		};
		2928A8CE1F127C9300189E9C /* CAppleSrcObC */ = {
			isa = PBXGroup;
			children = (
				2928A8D21F127C9300189E9C /* AppDelegate.applescript */,
				2928A8D61F127C9300189E9C /* MainMenu.xib */,
				2928A8D41F127C9300189E9C /* Assets.xcassets */,
				2928A8D91F127C9300189E9C /* Info.plist */,
				294767B61F1A11AF00772154 /* DevNotes */,
				2928A8CF1F127C9300189E9C /* Supporting Files */,
				29679F1C1F1380BD00143843 /* Resources */,
			);
			path = CAppleSrcObC;
			sourceTree = "<group>";
		};
		2928A8CF1F127C9300189E9C /* Supporting Files */ = {
			isa = PBXGroup;
			children = (
				2928A8D01F127C9300189E9C /* main.m */,
			);
			name = "Supporting Files";
			sourceTree = "<group>";
		};
		294BDEB01F14C98D0011E5A1 /* Images */ = {
			isa = PBXGroup;
			children = (
				29F5C2021F152A69006E0996 /* 1024 x 1024 _UnityV02.png */,
				294BDEB11F14C98D0011E5A1 /* Achtergrond.png */,
				294BDEB21F14C98D0011E5A1 /* Rechthoek 1 kopiëren 3.png */,
				294BDEB31F14C98D0011E5A1 /* Rechthoek 1 kopiëren 4.png */,
				294BDEB41F14C98D0011E5A1 /* Rechthoek Nexus.png */,
				294BDEB51F14C98D0011E5A1 /* Rechthoek Piano.png */,
				294BDEB61F14C98D0011E5A1 /* Rechthoek Pleinvrees.png */,
				294BDEB81F14C98D0011E5A1 /* Rechthoek Sportify kopiëren 3.png */,
				294BDEB91F14C98D0011E5A1 /* Rechthoek Sportify onder lang.png */,
				294BDEBA1F14C98D0011E5A1 /* Rechthoek Sportify.png */,
			);
			name = Images;
			path = v1;
			sourceTree = "<group>";
		};
		29679F1C1F1380BD00143843 /* Resources */ = {
			isa = PBXGroup;
			children = (
				294BDEB01F14C98D0011E5A1 /* Images */,
			);
			name = Resources;
			sourceTree = "<group>";
		};
/* End PBXGroup section */

/* Begin PBXNativeTarget section */
		2928A8C81F127C9300189E9C /* Unity */ = {
			isa = PBXNativeTarget;
			buildConfigurationList = 2928A8DC1F127C9300189E9C /* Build configuration list for PBXNativeTarget "Unity" */;
			buildPhases = (
				2928A8C51F127C9300189E9C /* Sources */,
				2928A8C61F127C9300189E9C /* Frameworks */,
				2928A8C71F127C9300189E9C /* Resources */,
			);
			buildRules = (
			);
			dependencies = (
			);
			name = Unity;
			productName = CAppleSrcObC;
			productReference = 2928A8C91F127C9300189E9C /* Unity.app */;
			productType = "com.apple.product-type.application";
		};
/* End PBXNativeTarget section */

/* Begin PBXProject section */
		2928A8C11F127C9300189E9C /* Project object */ = {
			isa = PBXProject;
			attributes = {
				LastUpgradeCheck = 0830;
				ORGANIZATIONNAME = "Yaro Schiffelers";
				TargetAttributes = {
					2928A8C81F127C9300189E9C = {
						CreatedOnToolsVersion = 8.3.3;
						DevelopmentTeam = V9HV72ZQS8;
						ProvisioningStyle = Automatic;
					};
				};
			};
			buildConfigurationList = 2928A8C41F127C9300189E9C /* Build configuration list for PBXProject "Unity" */;
			compatibilityVersion = "Xcode 3.2";
			developmentRegion = English;
			hasScannedForEncodings = 0;
			knownRegions = (
				en,
				Base,
			);
			mainGroup = 2928A8C01F127C9300189E9C;
			productRefGroup = 2928A8CA1F127C9300189E9C /* Products */;
			projectDirPath = "";
			projectRoot = "";
			targets = (
				2928A8C81F127C9300189E9C /* Unity */,
			);
		};
/* End PBXProject section */

/* Begin PBXResourcesBuildPhase section */
		2928A8C71F127C9300189E9C /* Resources */ = {
			isa = PBXResourcesBuildPhase;
			buildActionMask = 2147483647;
			files = (
				294BDEBE1F14C98D0011E5A1 /* Rechthoek Nexus.png in Resources */,
				294BDEBC1F14C98D0011E5A1 /* Rechthoek 1 kopiëren 3.png in Resources */,
				294BDEBD1F14C98D0011E5A1 /* Rechthoek 1 kopiëren 4.png in Resources */,
				294BDEBF1F14C98D0011E5A1 /* Rechthoek Piano.png in Resources */,
				2928A8D51F127C9300189E9C /* Assets.xcassets in Resources */,
				294BDEC41F14C98D0011E5A1 /* Rechthoek Sportify.png in Resources */,
				29F5C2031F152A69006E0996 /* 1024 x 1024 _UnityV02.png in Resources */,
				294BDEC21F14C98D0011E5A1 /* Rechthoek Sportify kopiëren 3.png in Resources */,
				294BDEC31F14C98D0011E5A1 /* Rechthoek Sportify onder lang.png in Resources */,
				294767B71F1A11AF00772154 /* DevNotes in Resources */,
				294BDEC01F14C98D0011E5A1 /* Rechthoek Pleinvrees.png in Resources */,
				294BDEBB1F14C98D0011E5A1 /* Achtergrond.png in Resources */,
				2928A8D81F127C9300189E9C /* MainMenu.xib in Resources */,
			);
			runOnlyForDeploymentPostprocessing = 0;
		};
/* End PBXResourcesBuildPhase section */

/* Begin PBXSourcesBuildPhase section */
		2928A8C51F127C9300189E9C /* Sources */ = {
			isa = PBXSourcesBuildPhase;
			buildActionMask = 2147483647;
			files = (
				2928A8D31F127C9300189E9C /* AppDelegate.applescript in Sources */,
				2928A8D11F127C9300189E9C /* main.m in Sources */,
			);
			runOnlyForDeploymentPostprocessing = 0;
		};
/* End PBXSourcesBuildPhase section */

/* Begin PBXVariantGroup section */
		2928A8D61F127C9300189E9C /* MainMenu.xib */ = {
			isa = PBXVariantGroup;
			children = (
				2928A8D71F127C9300189E9C /* Base */,
			);
			name = MainMenu.xib;
			sourceTree = "<group>";
		};
/* End PBXVariantGroup section */

/* Begin XCBuildConfiguration section */
		2928A8DA1F127C9300189E9C /* Debug */ = {
			isa = XCBuildConfiguration;
			buildSettings = {
				ALWAYS_SEARCH_USER_PATHS = NO;
				CLANG_ANALYZER_NONNULL = YES;
				CLANG_ANALYZER_NUMBER_OBJECT_CONVERSION = YES_AGGRESSIVE;
				CLANG_CXX_LANGUAGE_STANDARD = "gnu++0x";
				CLANG_CXX_LIBRARY = "libc++";
				CLANG_ENABLE_MODULES = YES;
				CLANG_ENABLE_OBJC_ARC = YES;
				CLANG_WARN_BOOL_CONVERSION = YES;
				CLANG_WARN_CONSTANT_CONVERSION = YES;
				CLANG_WARN_DIRECT_OBJC_ISA_USAGE = YES_ERROR;
				CLANG_WARN_DOCUMENTATION_COMMENTS = YES;
				CLANG_WARN_EMPTY_BODY = YES;
				CLANG_WARN_ENUM_CONVERSION = YES;
				CLANG_WARN_INFINITE_RECURSION = YES;
				CLANG_WARN_INT_CONVERSION = YES;
				CLANG_WARN_OBJC_ROOT_CLASS = YES_ERROR;
				CLANG_WARN_SUSPICIOUS_MOVE = YES;
				CLANG_WARN_UNREACHABLE_CODE = YES;
				CLANG_WARN__DUPLICATE_METHOD_MATCH = YES;
				CODE_SIGN_IDENTITY = "-";
				COPY_PHASE_STRIP = NO;
				DEBUG_INFORMATION_FORMAT = dwarf;
				ENABLE_STRICT_OBJC_MSGSEND = YES;
				ENABLE_TESTABILITY = YES;
				GCC_C_LANGUAGE_STANDARD = gnu99;
				GCC_DYNAMIC_NO_PIC = NO;
				GCC_NO_COMMON_BLOCKS = YES;
				GCC_OPTIMIZATION_LEVEL = 0;
				GCC_PREPROCESSOR_DEFINITIONS = (
					"DEBUG=1",
					"$(inherited)",
				);
				GCC_WARN_64_TO_32_BIT_CONVERSION = YES;
				GCC_WARN_ABOUT_RETURN_TYPE = YES_ERROR;
				GCC_WARN_UNDECLARED_SELECTOR = YES;
				GCC_WARN_UNINITIALIZED_AUTOS = YES_AGGRESSIVE;
				GCC_WARN_UNUSED_FUNCTION = YES;
				GCC_WARN_UNUSED_VARIABLE = YES;
				MACOSX_DEPLOYMENT_TARGET = 10.12;
				MTL_ENABLE_DEBUG_INFO = YES;
				ONLY_ACTIVE_ARCH = YES;
				SDKROOT = macosx;
			};
			name = Debug;
		};
		2928A8DB1F127C9300189E9C /* Release */ = {
			isa = XCBuildConfiguration;
			buildSettings = {
				ALWAYS_SEARCH_USER_PATHS = NO;
				CLANG_ANALYZER_NONNULL = YES;
				CLANG_ANALYZER_NUMBER_OBJECT_CONVERSION = YES_AGGRESSIVE;
				CLANG_CXX_LANGUAGE_STANDARD = "gnu++0x";
				CLANG_CXX_LIBRARY = "libc++";
				CLANG_ENABLE_MODULES = YES;
				CLANG_ENABLE_OBJC_ARC = YES;
				CLANG_WARN_BOOL_CONVERSION = YES;
				CLANG_WARN_CONSTANT_CONVERSION = YES;
				CLANG_WARN_DIRECT_OBJC_ISA_USAGE = YES_ERROR;
				CLANG_WARN_DOCUMENTATION_COMMENTS = YES;
				CLANG_WARN_EMPTY_BODY = YES;
				CLANG_WARN_ENUM_CONVERSION = YES;
				CLANG_WARN_INFINITE_RECURSION = YES;
				CLANG_WARN_INT_CONVERSION = YES;
				CLANG_WARN_OBJC_ROOT_CLASS = YES_ERROR;
				CLANG_WARN_SUSPICIOUS_MOVE = YES;
				CLANG_WARN_UNREACHABLE_CODE = YES;
				CLANG_WARN__DUPLICATE_METHOD_MATCH = YES;
				CODE_SIGN_IDENTITY = "-";
				COPY_PHASE_STRIP = NO;
				DEBUG_INFORMATION_FORMAT = "dwarf-with-dsym";
				ENABLE_NS_ASSERTIONS = NO;
				ENABLE_STRICT_OBJC_MSGSEND = YES;
				GCC_C_LANGUAGE_STANDARD = gnu99;
				GCC_NO_COMMON_BLOCKS = YES;
				GCC_WARN_64_TO_32_BIT_CONVERSION = YES;
				GCC_WARN_ABOUT_RETURN_TYPE = YES_ERROR;
				GCC_WARN_UNDECLARED_SELECTOR = YES;
				GCC_WARN_UNINITIALIZED_AUTOS = YES_AGGRESSIVE;
				GCC_WARN_UNUSED_FUNCTION = YES;
				GCC_WARN_UNUSED_VARIABLE = YES;
				MACOSX_DEPLOYMENT_TARGET = 10.12;
				MTL_ENABLE_DEBUG_INFO = NO;
				SDKROOT = macosx;
			};
			name = Release;
		};
		2928A8DD1F127C9300189E9C /* Debug */ = {
			isa = XCBuildConfiguration;
			buildSettings = {
				ASSETCATALOG_COMPILER_APPICON_NAME = AppIcon;
				CODE_SIGN_IDENTITY = "";
				COMBINE_HIDPI_IMAGES = YES;
				DEVELOPMENT_TEAM = V9HV72ZQS8;
				INFOPLIST_FILE = CAppleSrcObC/Info.plist;
				LD_RUNPATH_SEARCH_PATHS = "$(inherited) @executable_path/../Frameworks";
				PRODUCT_BUNDLE_IDENTIFIER = yaroyaro.io.CAppleSrcObC;
				PRODUCT_NAME = "$(TARGET_NAME)";
				PROVISIONING_PROFILE_SPECIFIER = "";
			};
			name = Debug;
		};
		2928A8DE1F127C9300189E9C /* Release */ = {
			isa = XCBuildConfiguration;
			buildSettings = {
				ASSETCATALOG_COMPILER_APPICON_NAME = AppIcon;
				CODE_SIGN_IDENTITY = "";
				COMBINE_HIDPI_IMAGES = YES;
				DEVELOPMENT_TEAM = V9HV72ZQS8;
				INFOPLIST_FILE = CAppleSrcObC/Info.plist;
				LD_RUNPATH_SEARCH_PATHS = "$(inherited) @executable_path/../Frameworks";
				PRODUCT_BUNDLE_IDENTIFIER = yaroyaro.io.CAppleSrcObC;
				PRODUCT_NAME = "$(TARGET_NAME)";
				PROVISIONING_PROFILE_SPECIFIER = "";
			};
			name = Release;
		};
/* End XCBuildConfiguration section */

/* Begin XCConfigurationList section */
		2928A8C41F127C9300189E9C /* Build configuration list for PBXProject "Unity" */ = {
			isa = XCConfigurationList;
			buildConfigurations = (
				2928A8DA1F127C9300189E9C /* Debug */,
				2928A8DB1F127C9300189E9C /* Release */,
			);
			defaultConfigurationIsVisible = 0;
			defaultConfigurationName = Release;
		};
		2928A8DC1F127C9300189E9C /* Build configuration list for PBXNativeTarget "Unity" */ = {
			isa = XCConfigurationList;
			buildConfigurations = (
				2928A8DD1F127C9300189E9C /* Debug */,
				2928A8DE1F127C9300189E9C /* Release */,
			);
			defaultConfigurationIsVisible = 0;
			defaultConfigurationName = Release;
		};
/* End XCConfigurationList section */
	};
	rootObject = 2928A8C11F127C9300189E9C /* Project object */;
}
